
Microsoft Visual Studio Solution File, Format Version 12.00
# Visual Studio Version 16
VisualStudioVersion = 16.0.30517.126
MinimumVisualStudioVersion = 10.0.40219.1
Project("{FAE04EC0-301F-11D3-BF4B-00C04F79EFBC}") = "DesignPatterns", "DesignPatterns.csproj", "{FC16F431-9950-4114-8265-D649A48191FC}"
EndProject
Global
	GlobalSection(SolutionConfigurationPlatforms) = preSolution
		Debug|Any CPU = Debug|Any CPU
		Release|Any CPU = Release|Any CPU
	EndGlobalSection
	GlobalSection(ProjectConfigurationPlatforms) = postSolution
		{FC16F431-9950-4114-8265-D649A48191FC}.Debug|Any CPU.ActiveCfg = Debug|Any CPU
		{FC16F431-9950-4114-8265-D649A48191FC}.Debug|Any CPU.Build.0 = Debug|Any CPU
		{FC16F431-9950-4114-8265-D649A48191FC}.Release|Any CPU.ActiveCfg = Release|Any CPU
		{FC16F431-9950-4114-8265-D649A48191FC}.Release|Any CPU.Build.0 = Release|Any CPU
	EndGlobalSection
	GlobalSection(SolutionProperties) = preSolution
		HideSolutionNode = FALSE
	EndGlobalSection
	GlobalSection(ExtensibilityGlobals) = postSolution
		SolutionGuid = {9A7E18FE-F8D4-457B-BB25-113458F8BAE0}
	EndGlobalSection
EndGlobal
